<?xml version="1.0" encoding="utf-8"?>
<Project ToolsVersion="4.0" xmlns="http://schemas.microsoft.com/developer/msbuild/2003">
  <ItemGroup>
    <Filter Include="源文件">
      <UniqueIdentifier>{4FC737F1-C7A5-4376-A066-2A32D752A2FF}</UniqueIdentifier>
      <Extensions>cpp;c;cc;cxx;def;odl;idl;hpj;bat;asm;asmx</Extensions>
    </Filter>
    <Filter Include="头文件">
      <UniqueIdentifier>{93995380-89BD-4b04-88EB-625FBE52EBFB}</UniqueIdentifier>
      <Extensions>h;hh;hpp;hxx;hm;inl;inc;xsd</Extensions>
    </Filter>
    <Filter Include="资源文件">
      <UniqueIdentifier>{67DA6AB6-F800-4c08-8B7A-83BB121AAD01}</UniqueIdentifier>
      <Extensions>rc;ico;cur;bmp;dlg;rc2;rct;bin;rgs;gif;jpg;jpeg;jpe;resx;tiff;tif;png;wav;mfcribbon-ms</Extensions>
    </Filter>
  </ItemGroup>
  <ItemGroup>
    <ClCompile Include="..\..\..\lua-profilers\cpu-profiler\cJSON.c">
      <Filter>源文件</Filter>
    </ClCompile>
    <ClCompile Include="..\..\..\lua-profilers\cpu-profiler\clocks.c">
      <Filter>源文件</Filter>
    </ClCompile>
    <ClCompile Include="..\..\..\lua-profilers\cpu-profiler\core_profiler.c">
      <Filter>源文件</Filter>
    </ClCompile>
    <ClCompile Include="..\..\..\lua-profilers\cpu-profiler\function_meter.c">
      <Filter>源文件</Filter>
    </ClCompile>
    <ClCompile Include="..\..\..\lua-profilers\cpu-profiler\lua50_profiler.c">
      <Filter>源文件</Filter>
    </ClCompile>
    <ClCompile Include="..\..\..\lua-profilers\cpu-profiler\output.c">
      <Filter>源文件</Filter>
    </ClCompile>
    <ClCompile Include="..\..\..\lua-profilers\cpu-profiler\queue.c">
      <Filter>源文件</Filter>
    </ClCompile>
    <ClCompile Include="..\..\..\lua-profilers\cpu-profiler\stack.c">
      <Filter>源文件</Filter>
    </ClCompile>
  </ItemGroup>
  <ItemGroup>
    <ClInclude Include="..\..\..\lua-profilers\cpu-profiler\cJSON.h">
      <Filter>源文件</Filter>
    </ClInclude>
    <ClInclude Include="..\..\..\lua-profilers\cpu-profiler\clocks.h">
      <Filter>源文件</Filter>
    </ClInclude>
    <ClInclude Include="..\..\..\lua-profilers\cpu-profiler\core_profiler.h">
      <Filter>源文件</Filter>
    </ClInclude>
    <ClInclude Include="..\..\..\lua-profilers\cpu-profiler\function_meter.h">
      <Filter>源文件</Filter>
    </ClInclude>
    <ClInclude Include="..\..\..\lua-profilers\cpu-profiler\lp.h">
      <Filter>源文件</Filter>
    </ClInclude>
    <ClInclude Include="..\..\..\lua-profilers\cpu-profiler\luaprofiler.h">
      <Filter>源文件</Filter>
    </ClInclude>
    <ClInclude Include="..\..\..\lua-profilers\cpu-profiler\output.h">
      <Filter>源文件</Filter>
    </ClInclude>
    <ClInclude Include="..\..\..\lua-profilers\cpu-profiler\queue.h">
      <Filter>源文件</Filter>
    </ClInclude>
    <ClInclude Include="..\..\..\lua-profilers\cpu-profiler\stack.h">
      <Filter>源文件</Filter>
    </ClInclude>
  </ItemGroup>
  <ItemGroup>
    <None Include="..\..\..\lua-profilers\cpu-profiler\PLACEHOLDER">
      <Filter>源文件</Filter>
    </None>
  </ItemGroup>
</Project>