
Microsoft Visual Studio Solution File, Format Version 12.00
# Visual Studio 14
VisualStudioVersion = 14.0.25420.1
MinimumVisualStudioVersion = 10.0.40219.1
Project("{8BC9CEB8-8B4A-11D0-8D11-00A0C91BC942}") = "lua", "lua\lua.vcxproj", "{3CFC1C8B-F623-43CF-AB7E-5944CD2C707B}"
EndProject
Project("{8BC9CEB8-8B4A-11D0-8D11-00A0C91BC942}") = "cpuprofiler", "cpuprofiler\cpuprofiler.vcxproj", "{C1C0271C-AC8E-4E1C-B8AD-E781F2DAD3E1}"
	ProjectSection(ProjectDependencies) = postProject
		{3CFC1C8B-F623-43CF-AB7E-5944CD2C707B} = {3CFC1C8B-F623-43CF-AB7E-5944CD2C707B}
	EndProjectSection
EndProject
Project("{8BC9CEB8-8B4A-11D0-8D11-00A0C91BC942}") = "demo", "demo\demo.vcxproj", "{609439D2-68D1-4634-A6C8-4A7D0DAEDE63}"
	ProjectSection(ProjectDependencies) = postProject
		{C1C0271C-AC8E-4E1C-B8AD-E781F2DAD3E1} = {C1C0271C-AC8E-4E1C-B8AD-E781F2DAD3E1}
	EndProjectSection
EndProject
Global
	GlobalSection(SolutionConfigurationPlatforms) = preSolution
		Debug|x64 = Debug|x64
		Debug|x86 = Debug|x86
		Release|x64 = Release|x64
		Release|x86 = Release|x86
	EndGlobalSection
	GlobalSection(ProjectConfigurationPlatforms) = postSolution
		{3CFC1C8B-F623-43CF-AB7E-5944CD2C707B}.Debug|x64.ActiveCfg = Debug|x64
		{3CFC1C8B-F623-43CF-AB7E-5944CD2C707B}.Debug|x64.Build.0 = Debug|x64
		{3CFC1C8B-F623-43CF-AB7E-5944CD2C707B}.Debug|x86.ActiveCfg = Debug|Win32
		{3CFC1C8B-F623-43CF-AB7E-5944CD2C707B}.Debug|x86.Build.0 = Debug|Win32
		{3CFC1C8B-F623-43CF-AB7E-5944CD2C707B}.Release|x64.ActiveCfg = Release|x64
		{3CFC1C8B-F623-43CF-AB7E-5944CD2C707B}.Release|x64.Build.0 = Release|x64
		{3CFC1C8B-F623-43CF-AB7E-5944CD2C707B}.Release|x86.ActiveCfg = Release|Win32
		{3CFC1C8B-F623-43CF-AB7E-5944CD2C707B}.Release|x86.Build.0 = Release|Win32
		{C1C0271C-AC8E-4E1C-B8AD-E781F2DAD3E1}.Debug|x64.ActiveCfg = Debug|x64
		{C1C0271C-AC8E-4E1C-B8AD-E781F2DAD3E1}.Debug|x64.Build.0 = Debug|x64
		{C1C0271C-AC8E-4E1C-B8AD-E781F2DAD3E1}.Debug|x86.ActiveCfg = Debug|Win32
		{C1C0271C-AC8E-4E1C-B8AD-E781F2DAD3E1}.Debug|x86.Build.0 = Debug|Win32
		{C1C0271C-AC8E-4E1C-B8AD-E781F2DAD3E1}.Release|x64.ActiveCfg = Release|x64
		{C1C0271C-AC8E-4E1C-B8AD-E781F2DAD3E1}.Release|x64.Build.0 = Release|x64
		{C1C0271C-AC8E-4E1C-B8AD-E781F2DAD3E1}.Release|x86.ActiveCfg = Release|Win32
		{C1C0271C-AC8E-4E1C-B8AD-E781F2DAD3E1}.Release|x86.Build.0 = Release|Win32
		{609439D2-68D1-4634-A6C8-4A7D0DAEDE63}.Debug|x64.ActiveCfg = Debug|x64
		{609439D2-68D1-4634-A6C8-4A7D0DAEDE63}.Debug|x64.Build.0 = Debug|x64
		{609439D2-68D1-4634-A6C8-4A7D0DAEDE63}.Debug|x86.ActiveCfg = Debug|Win32
		{609439D2-68D1-4634-A6C8-4A7D0DAEDE63}.Debug|x86.Build.0 = Debug|Win32
		{609439D2-68D1-4634-A6C8-4A7D0DAEDE63}.Release|x64.ActiveCfg = Release|x64
		{609439D2-68D1-4634-A6C8-4A7D0DAEDE63}.Release|x64.Build.0 = Release|x64
		{609439D2-68D1-4634-A6C8-4A7D0DAEDE63}.Release|x86.ActiveCfg = Release|Win32
		{609439D2-68D1-4634-A6C8-4A7D0DAEDE63}.Release|x86.Build.0 = Release|Win32
	EndGlobalSection
	GlobalSection(SolutionProperties) = preSolution
		HideSolutionNode = FALSE
	EndGlobalSection
EndGlobal
